// !$*UTF8*$!
{
	archiveVersion = 1;
	classes = {
	};
	objectVersion = 46;
	objects = {

/* Begin PBXBuildFile section */
		1B30E96A1B1605D500E6875B /* burgerMenu.png in Resources */ = {isa = PBXBuildFile; fileRef = 1B30E9691B1605D500E6875B /* burgerMenu.png */; };
		1B81ACEA1B15FE00006C5C96 /* DetailViewController.swift in Sources */ = {isa = PBXBuildFile; fileRef = 1B81ACE91B15FE00006C5C96 /* DetailViewController.swift */; };
		C61ED2331B02414500D9839B /* NavigationController.swift in Sources */ = {isa = PBXBuildFile; fileRef = C61ED2321B02414500D9839B /* NavigationController.swift */; };
		C620FDCC1AF8FA8A00CABF6D /* Location.swift in Sources */ = {isa = PBXBuildFile; fileRef = C620FDCB1AF8FA8A00CABF6D /* Location.swift */; };
		C620FDCE1AF9580700CABF6D /* LocationController.swift in Sources */ = {isa = PBXBuildFile; fileRef = C620FDCD1AF9580700CABF6D /* LocationController.swift */; };
		C62908B51B692D0B00BE06B2 /* AESCrypt in Resources */ = {isa = PBXBuildFile; fileRef = C62908B41B692D0B00BE06B2 /* AESCrypt */; };
		C62908B71B692D3800BE06B2 /* Info.plist in Resources */ = {isa = PBXBuildFile; fileRef = C62908B61B692D3700BE06B2 /* Info.plist */; };
		C62908B91B692D5E00BE06B2 /* Login.storyboard in Resources */ = {isa = PBXBuildFile; fileRef = C62908B81B692D5E00BE06B2 /* Login.storyboard */; };
		C62908BB1B692F7D00BE06B2 /* SignUpViewController.swift in Sources */ = {isa = PBXBuildFile; fileRef = C62908BA1B692F7D00BE06B2 /* SignUpViewController.swift */; };
		C6291DC11B5418AB00707F90 /* Login.swift in Sources */ = {isa = PBXBuildFile; fileRef = C6291DBF1B5418AB00707F90 /* Login.swift */; };
		C6291DC21B5418AB00707F90 /* LoginViewController.swift in Sources */ = {isa = PBXBuildFile; fileRef = C6291DC01B5418AB00707F90 /* LoginViewController.swift */; };
		C63927871B207D3D00E466C9 /* DetailView.storyboard in Resources */ = {isa = PBXBuildFile; fileRef = C63927861B207D3D00E466C9 /* DetailView.storyboard */; };
		C64CF0EA1B02275700081A53 /* ENSwiftSideMenu.swift in Sources */ = {isa = PBXBuildFile; fileRef = C64CF0E91B02275700081A53 /* ENSwiftSideMenu.swift */; };
		C64CF0EC1B0227B800081A53 /* ENSideMenuNavigationController.swift in Sources */ = {isa = PBXBuildFile; fileRef = C64CF0EB1B0227B800081A53 /* ENSideMenuNavigationController.swift */; };
		C65460DC1AEE6AE10004D9BC /* AppDelegate.swift in Sources */ = {isa = PBXBuildFile; fileRef = C65460DB1AEE6AE10004D9BC /* AppDelegate.swift */; };
		C65460DE1AEE6AE10004D9BC /* MapViewController.swift in Sources */ = {isa = PBXBuildFile; fileRef = C65460DD1AEE6AE10004D9BC /* MapViewController.swift */; };
		C65460E11AEE6AE10004D9BC /* Main.storyboard in Resources */ = {isa = PBXBuildFile; fileRef = C65460DF1AEE6AE10004D9BC /* Main.storyboard */; };
		C65460E31AEE6AE10004D9BC /* Images.xcassets in Resources */ = {isa = PBXBuildFile; fileRef = C65460E21AEE6AE10004D9BC /* Images.xcassets */; };
		C65460E61AEE6AE10004D9BC /* LaunchScreen.xib in Resources */ = {isa = PBXBuildFile; fileRef = C65460E41AEE6AE10004D9BC /* LaunchScreen.xib */; };
		C65460F21AEE6AE20004D9BC /* iOSTreasureMapTests.swift in Sources */ = {isa = PBXBuildFile; fileRef = C65460F11AEE6AE20004D9BC /* iOSTreasureMapTests.swift */; };
		C65460FC1AEE6B790004D9BC /* GoogleMaps.framework in Frameworks */ = {isa = PBXBuildFile; fileRef = C65460FB1AEE6B790004D9BC /* GoogleMaps.framework */; };
		C65460FE1AEE6D060004D9BC /* GoogleMaps.bundle in Resources */ = {isa = PBXBuildFile; fileRef = C65460FD1AEE6D060004D9BC /* GoogleMaps.bundle */; };
		C65461011AEE6D540004D9BC /* AVFoundation.framework in Frameworks */ = {isa = PBXBuildFile; fileRef = C65461001AEE6D540004D9BC /* AVFoundation.framework */; };
		C65461031AEE6D5E0004D9BC /* CoreData.framework in Frameworks */ = {isa = PBXBuildFile; fileRef = C65461021AEE6D5E0004D9BC /* CoreData.framework */; };
		C65461051AEE6D660004D9BC /* CoreLocation.framework in Frameworks */ = {isa = PBXBuildFile; fileRef = C65461041AEE6D660004D9BC /* CoreLocation.framework */; };
		C65461071AEE6D6F0004D9BC /* CoreText.framework in Frameworks */ = {isa = PBXBuildFile; fileRef = C65461061AEE6D6F0004D9BC /* CoreText.framework */; };
		C65461091AEE6D790004D9BC /* GLKit.framework in Frameworks */ = {isa = PBXBuildFile; fileRef = C65461081AEE6D790004D9BC /* GLKit.framework */; };
		C654610B1AEE6D830004D9BC /* ImageIO.framework in Frameworks */ = {isa = PBXBuildFile; fileRef = C654610A1AEE6D830004D9BC /* ImageIO.framework */; };
		C654610D1AEE6D900004D9BC /* libc++.dylib in Frameworks */ = {isa = PBXBuildFile; fileRef = C654610C1AEE6D900004D9BC /* libc++.dylib */; };
		C654610F1AEE6D9B0004D9BC /* libicucore.dylib in Frameworks */ = {isa = PBXBuildFile; fileRef = C654610E1AEE6D9B0004D9BC /* libicucore.dylib */; };
		C65461111AEE6DA50004D9BC /* libz.dylib in Frameworks */ = {isa = PBXBuildFile; fileRef = C65461101AEE6DA50004D9BC /* libz.dylib */; };
		C65461131AEE6DAE0004D9BC /* OpenGLES.framework in Frameworks */ = {isa = PBXBuildFile; fileRef = C65461121AEE6DAE0004D9BC /* OpenGLES.framework */; };
		C65461151AEE6DB70004D9BC /* QuartzCore.framework in Frameworks */ = {isa = PBXBuildFile; fileRef = C65461141AEE6DB70004D9BC /* QuartzCore.framework */; };
		C65461171AEE6DC10004D9BC /* SystemConfiguration.framework in Frameworks */ = {isa = PBXBuildFile; fileRef = C65461161AEE6DC10004D9BC /* SystemConfiguration.framework */; };
		C665B5261B5D0C0600D8A6D8 /* SearchLocations.storyboard in Resources */ = {isa = PBXBuildFile; fileRef = C665B5251B5D0C0600D8A6D8 /* SearchLocations.storyboard */; };
		C665B5281B5D0EF600D8A6D8 /* SearchViewController.swift in Sources */ = {isa = PBXBuildFile; fileRef = C665B5271B5D0EF600D8A6D8 /* SearchViewController.swift */; };
		C69266221B58251C006F87F8 /* 192.png in Resources */ = {isa = PBXBuildFile; fileRef = C69266211B58251C006F87F8 /* 192.png */; };
		C69266241B582A96006F87F8 /* quadrat.jpg in Resources */ = {isa = PBXBuildFile; fileRef = C69266231B582A95006F87F8 /* quadrat.jpg */; };
		C69266261B582C53006F87F8 /* schmal.jpg in Resources */ = {isa = PBXBuildFile; fileRef = C69266251B582C53006F87F8 /* schmal.jpg */; };
		C6A87CE41B0110390005FB9C /* MenuViewController.swift in Sources */ = {isa = PBXBuildFile; fileRef = C6A87CE31B0110390005FB9C /* MenuViewController.swift */; };
		C6A87CE61B0110C70005FB9C /* ContentViewController.swift in Sources */ = {isa = PBXBuildFile; fileRef = C6A87CE51B0110C70005FB9C /* ContentViewController.swift */; };
		C6ADF7C21B6B544D00C7CE2F /* KeychainService.swift in Sources */ = {isa = PBXBuildFile; fileRef = C6ADF7C11B6B544D00C7CE2F /* KeychainService.swift */; };
		C6ADF7C41B6B552700C7CE2F /* KeychainAccess.swift in Sources */ = {isa = PBXBuildFile; fileRef = C6ADF7C31B6B552700C7CE2F /* KeychainAccess.swift */; };
		C6B15E081B3AF47700E969CE /* AWSCore.framework in Frameworks */ = {isa = PBXBuildFile; fileRef = C6B15E071B3AF47700E969CE /* AWSCore.framework */; };
		C6B15E0A1B3AF48500E969CE /* AWSAutoScaling.framework in Frameworks */ = {isa = PBXBuildFile; fileRef = C6B15E091B3AF48500E969CE /* AWSAutoScaling.framework */; };
		C6B15E0C1B3AF49500E969CE /* AWSCloudWatch.framework in Frameworks */ = {isa = PBXBuildFile; fileRef = C6B15E0B1B3AF49500E969CE /* AWSCloudWatch.framework */; };
		C6B15E0E1B3AF4A700E969CE /* AWSDynamoDB.framework in Frameworks */ = {isa = PBXBuildFile; fileRef = C6B15E0D1B3AF4A700E969CE /* AWSDynamoDB.framework */; };
		C6B15E101B3AF4B400E969CE /* AWSEC2.framework in Frameworks */ = {isa = PBXBuildFile; fileRef = C6B15E0F1B3AF4B400E969CE /* AWSEC2.framework */; };
		C6B15E121B3AF4C500E969CE /* AWSElasticLoadBalancing.framework in Frameworks */ = {isa = PBXBuildFile; fileRef = C6B15E111B3AF4C500E969CE /* AWSElasticLoadBalancing.framework */; };
		C6B15E141B3AF4D400E969CE /* AWSKinesis.framework in Frameworks */ = {isa = PBXBuildFile; fileRef = C6B15E131B3AF4D300E969CE /* AWSKinesis.framework */; };
		C6B15E161B3AF4E100E969CE /* AWSLambda.framework in Frameworks */ = {isa = PBXBuildFile; fileRef = C6B15E151B3AF4E100E969CE /* AWSLambda.framework */; };
		C6B15E181B3AF4F200E969CE /* AWSMachineLearning.framework in Frameworks */ = {isa = PBXBuildFile; fileRef = C6B15E171B3AF4F200E969CE /* AWSMachineLearning.framework */; };
		C6B15E1A1B3AF50200E969CE /* AWSMobileAnalytics.framework in Frameworks */ = {isa = PBXBuildFile; fileRef = C6B15E191B3AF50200E969CE /* AWSMobileAnalytics.framework */; };
		C6B15E1C1B3AF51300E969CE /* AWSS3.framework in Frameworks */ = {isa = PBXBuildFile; fileRef = C6B15E1B1B3AF51300E969CE /* AWSS3.framework */; };
		C6B15E1E1B3AF52100E969CE /* AWSSES.framework in Frameworks */ = {isa = PBXBuildFile; fileRef = C6B15E1D1B3AF52100E969CE /* AWSSES.framework */; };
		C6B15E201B3AF59700E969CE /* AWSSimpleDB.framework in Frameworks */ = {isa = PBXBuildFile; fileRef = C6B15E1F1B3AF59700E969CE /* AWSSimpleDB.framework */; };
		C6B15E221B3AF5AE00E969CE /* AWSSNS.framework in Frameworks */ = {isa = PBXBuildFile; fileRef = C6B15E211B3AF5AE00E969CE /* AWSSNS.framework */; };
		C6B15E241B3AF5D700E969CE /* AWSSQS.framework in Frameworks */ = {isa = PBXBuildFile; fileRef = C6B15E231B3AF5D700E969CE /* AWSSQS.framework */; };
		C6B15E261B3AF5E800E969CE /* AWSCognito.framework in Frameworks */ = {isa = PBXBuildFile; fileRef = C6B15E251B3AF5E800E969CE /* AWSCognito.framework */; };
		C6B15E281B3AF62100E969CE /* libsqlite3.dylib in Frameworks */ = {isa = PBXBuildFile; fileRef = C6B15E271B3AF62100E969CE /* libsqlite3.dylib */; };
		C6B3B4321B6A4E38008912B3 /* NewLocationStruct.swift in Sources */ = {isa = PBXBuildFile; fileRef = C6B3B4311B6A4E37008912B3 /* NewLocationStruct.swift */; };
		C6C6A08D1B5BE57500932BED /* backButton.png in Resources */ = {isa = PBXBuildFile; fileRef = C6C6A08C1B5BE57500932BED /* backButton.png */; };
		C6C6A08F1B5BEA6F00932BED /* 1437333689_menu-alt.png in Resources */ = {isa = PBXBuildFile; fileRef = C6C6A08E1B5BEA6F00932BED /* 1437333689_menu-alt.png */; };
		C6C6A0911B5BEE7300932BED /* 1437334656_icon-ios7-arrow-back.png in Resources */ = {isa = PBXBuildFile; fileRef = C6C6A0901B5BEE7300932BED /* 1437334656_icon-ios7-arrow-back.png */; };
		C6C7B1E81B5FAB3D00183D92 /* Button.png in Resources */ = {isa = PBXBuildFile; fileRef = C6C7B1E71B5FAB3D00183D92 /* Button.png */; };
		C6DC749D1B679E8C0046B2DE /* AddNewLocation.storyboard in Resources */ = {isa = PBXBuildFile; fileRef = C6DC749B1B679E8C0046B2DE /* AddNewLocation.storyboard */; };
		C6DC749E1B679E8C0046B2DE /* NewLocationController.swift in Sources */ = {isa = PBXBuildFile; fileRef = C6DC749C1B679E8C0046B2DE /* NewLocationController.swift */; };
		C6DC74A61B67A3EB0046B2DE /* AccommodationPin01.png in Resources */ = {isa = PBXBuildFile; fileRef = C6DC749F1B67A3EB0046B2DE /* AccommodationPin01.png */; };
		C6DC74A71B67A3EB0046B2DE /* FoodDrinkPin00.png in Resources */ = {isa = PBXBuildFile; fileRef = C6DC74A01B67A3EB0046B2DE /* FoodDrinkPin00.png */; };
		C6DC74A81B67A3EB0046B2DE /* GeocachingPin00.png in Resources */ = {isa = PBXBuildFile; fileRef = C6DC74A11B67A3EB0046B2DE /* GeocachingPin00.png */; };
		C6DC74A91B67A3EB0046B2DE /* LeisurePin00.png in Resources */ = {isa = PBXBuildFile; fileRef = C6DC74A21B67A3EB0046B2DE /* LeisurePin00.png */; };
		C6DC74AA1B67A3EB0046B2DE /* LeisurePin01.png in Resources */ = {isa = PBXBuildFile; fileRef = C6DC74A31B67A3EB0046B2DE /* LeisurePin01.png */; };
		C6DC74AB1B67A3EB0046B2DE /* ShoppingPin00.png in Resources */ = {isa = PBXBuildFile; fileRef = C6DC74A41B67A3EB0046B2DE /* ShoppingPin00.png */; };
		C6DC74AC1B67A3EB0046B2DE /* SightsAndCulturePin00.png in Resources */ = {isa = PBXBuildFile; fileRef = C6DC74A51B67A3EB0046B2DE /* SightsAndCulturePin00.png */; };
		C6DD0ABD1B287A6F002B434E /* ImageViewController.swift in Sources */ = {isa = PBXBuildFile; fileRef = C6DD0ABC1B287A6F002B434E /* ImageViewController.swift */; };
		C6E5E7381B1EFB6C00F3D368 /* Reachability.swift in Sources */ = {isa = PBXBuildFile; fileRef = C6E5E7371B1EFB6C00F3D368 /* Reachability.swift */; };
/* End PBXBuildFile section */

/* Begin PBXContainerItemProxy section */
		C65460EC1AEE6AE20004D9BC /* PBXContainerItemProxy */ = {
			isa = PBXContainerItemProxy;
			containerPortal = C65460CE1AEE6AE00004D9BC /* Project object */;
			proxyType = 1;
			remoteGlobalIDString = C65460D51AEE6AE00004D9BC;
			remoteInfo = iOSTreasureMap;
		};
/* End PBXContainerItemProxy section */

/* Begin PBXFileReference section */
		1B30E9691B1605D500E6875B /* burgerMenu.png */ = {isa = PBXFileReference; lastKnownFileType = image.png; path = burgerMenu.png; sourceTree = "<group>"; };
		1B81ACE91B15FE00006C5C96 /* DetailViewController.swift */ = {isa = PBXFileReference; fileEncoding = 4; lastKnownFileType = sourcecode.swift; path = DetailViewController.swift; sourceTree = "<group>"; };
		C61ED2321B02414500D9839B /* NavigationController.swift */ = {isa = PBXFileReference; fileEncoding = 4; lastKnownFileType = sourcecode.swift; path = NavigationController.swift; sourceTree = "<group>"; };
		C620FDCB1AF8FA8A00CABF6D /* Location.swift */ = {isa = PBXFileReference; fileEncoding = 4; lastKnownFileType = sourcecode.swift; path = Location.swift; sourceTree = "<group>"; };
		C620FDCD1AF9580700CABF6D /* LocationController.swift */ = {isa = PBXFileReference; fileEncoding = 4; lastKnownFileType = sourcecode.swift; path = LocationController.swift; sourceTree = "<group>"; };
		C62908B41B692D0B00BE06B2 /* AESCrypt */ = {isa = PBXFileReference; lastKnownFileType = folder; path = AESCrypt; sourceTree = "<group>"; };
		C62908B61B692D3700BE06B2 /* Info.plist */ = {isa = PBXFileReference; fileEncoding = 4; lastKnownFileType = text.plist.xml; path = Info.plist; sourceTree = "<group>"; };
		C62908B81B692D5E00BE06B2 /* Login.storyboard */ = {isa = PBXFileReference; fileEncoding = 4; lastKnownFileType = file.storyboard; path = Login.storyboard; sourceTree = "<group>"; };
		C62908BA1B692F7D00BE06B2 /* SignUpViewController.swift */ = {isa = PBXFileReference; fileEncoding = 4; lastKnownFileType = sourcecode.swift; path = SignUpViewController.swift; sourceTree = "<group>"; };
		C6291DBF1B5418AB00707F90 /* Login.swift */ = {isa = PBXFileReference; fileEncoding = 4; lastKnownFileType = sourcecode.swift; path = Login.swift; sourceTree = "<group>"; };
		C6291DC01B5418AB00707F90 /* LoginViewController.swift */ = {isa = PBXFileReference; fileEncoding = 4; lastKnownFileType = sourcecode.swift; path = LoginViewController.swift; sourceTree = "<group>"; };
		C63927861B207D3D00E466C9 /* DetailView.storyboard */ = {isa = PBXFileReference; fileEncoding = 4; lastKnownFileType = file.storyboard; path = DetailView.storyboard; sourceTree = "<group>"; };
		C64CF0E91B02275700081A53 /* ENSwiftSideMenu.swift */ = {isa = PBXFileReference; fileEncoding = 4; lastKnownFileType = sourcecode.swift; path = ENSwiftSideMenu.swift; sourceTree = "<group>"; };
		C64CF0EB1B0227B800081A53 /* ENSideMenuNavigationController.swift */ = {isa = PBXFileReference; fileEncoding = 4; lastKnownFileType = sourcecode.swift; path = ENSideMenuNavigationController.swift; sourceTree = "<group>"; };
		C65460D61AEE6AE10004D9BC /* iOSTreasureMap.app */ = {isa = PBXFileReference; explicitFileType = wrapper.application; includeInIndex = 0; path = iOSTreasureMap.app; sourceTree = BUILT_PRODUCTS_DIR; };
		C65460DB1AEE6AE10004D9BC /* AppDelegate.swift */ = {isa = PBXFileReference; lastKnownFileType = sourcecode.swift; path = AppDelegate.swift; sourceTree = "<group>"; };
		C65460DD1AEE6AE10004D9BC /* MapViewController.swift */ = {isa = PBXFileReference; lastKnownFileType = sourcecode.swift; path = MapViewController.swift; sourceTree = "<group>"; };
		C65460E01AEE6AE10004D9BC /* Base */ = {isa = PBXFileReference; lastKnownFileType = file.storyboard; name = Base; path = Base.lproj/Main.storyboard; sourceTree = "<group>"; };
		C65460E21AEE6AE10004D9BC /* Images.xcassets */ = {isa = PBXFileReference; lastKnownFileType = folder.assetcatalog; path = Images.xcassets; sourceTree = "<group>"; };
		C65460E51AEE6AE10004D9BC /* Base */ = {isa = PBXFileReference; lastKnownFileType = file.xib; name = Base; path = Base.lproj/LaunchScreen.xib; sourceTree = "<group>"; };
		C65460EB1AEE6AE20004D9BC /* iOSTreasureMapTests.xctest */ = {isa = PBXFileReference; explicitFileType = wrapper.cfbundle; includeInIndex = 0; path = iOSTreasureMapTests.xctest; sourceTree = BUILT_PRODUCTS_DIR; };
		C65460F01AEE6AE20004D9BC /* Info.plist */ = {isa = PBXFileReference; lastKnownFileType = text.plist.xml; path = Info.plist; sourceTree = "<group>"; };
		C65460F11AEE6AE20004D9BC /* iOSTreasureMapTests.swift */ = {isa = PBXFileReference; lastKnownFileType = sourcecode.swift; path = iOSTreasureMapTests.swift; sourceTree = "<group>"; };
		C65460FB1AEE6B790004D9BC /* GoogleMaps.framework */ = {isa = PBXFileReference; lastKnownFileType = wrapper.framework; path = GoogleMaps.framework; sourceTree = "<group>"; };
		C65460FD1AEE6D060004D9BC /* GoogleMaps.bundle */ = {isa = PBXFileReference; lastKnownFileType = "wrapper.plug-in"; name = GoogleMaps.bundle; path = GoogleMaps.framework/Versions/A/Resources/GoogleMaps.bundle; sourceTree = "<group>"; };
		C65461001AEE6D540004D9BC /* AVFoundation.framework */ = {isa = PBXFileReference; lastKnownFileType = wrapper.framework; name = AVFoundation.framework; path = System/Library/Frameworks/AVFoundation.framework; sourceTree = SDKROOT; };
		C65461021AEE6D5E0004D9BC /* CoreData.framework */ = {isa = PBXFileReference; lastKnownFileType = wrapper.framework; name = CoreData.framework; path = System/Library/Frameworks/CoreData.framework; sourceTree = SDKROOT; };
		C65461041AEE6D660004D9BC /* CoreLocation.framework */ = {isa = PBXFileReference; lastKnownFileType = wrapper.framework; name = CoreLocation.framework; path = System/Library/Frameworks/CoreLocation.framework; sourceTree = SDKROOT; };
		C65461061AEE6D6F0004D9BC /* CoreText.framework */ = {isa = PBXFileReference; lastKnownFileType = wrapper.framework; name = CoreText.framework; path = System/Library/Frameworks/CoreText.framework; sourceTree = SDKROOT; };
		C65461081AEE6D790004D9BC /* GLKit.framework */ = {isa = PBXFileReference; lastKnownFileType = wrapper.framework; name = GLKit.framework; path = System/Library/Frameworks/GLKit.framework; sourceTree = SDKROOT; };
		C654610A1AEE6D830004D9BC /* ImageIO.framework */ = {isa = PBXFileReference; lastKnownFileType = wrapper.framework; name = ImageIO.framework; path = System/Library/Frameworks/ImageIO.framework; sourceTree = SDKROOT; };
		C654610C1AEE6D900004D9BC /* libc++.dylib */ = {isa = PBXFileReference; lastKnownFileType = "compiled.mach-o.dylib"; name = "libc++.dylib"; path = "usr/lib/libc++.dylib"; sourceTree = SDKROOT; };
		C654610E1AEE6D9B0004D9BC /* libicucore.dylib */ = {isa = PBXFileReference; lastKnownFileType = "compiled.mach-o.dylib"; name = libicucore.dylib; path = usr/lib/libicucore.dylib; sourceTree = SDKROOT; };
		C65461101AEE6DA50004D9BC /* libz.dylib */ = {isa = PBXFileReference; lastKnownFileType = "compiled.mach-o.dylib"; name = libz.dylib; path = usr/lib/libz.dylib; sourceTree = SDKROOT; };
		C65461121AEE6DAE0004D9BC /* OpenGLES.framework */ = {isa = PBXFileReference; lastKnownFileType = wrapper.framework; name = OpenGLES.framework; path = System/Library/Frameworks/OpenGLES.framework; sourceTree = SDKROOT; };
		C65461141AEE6DB70004D9BC /* QuartzCore.framework */ = {isa = PBXFileReference; lastKnownFileType = wrapper.framework; name = QuartzCore.framework; path = System/Library/Frameworks/QuartzCore.framework; sourceTree = SDKROOT; };
		C65461161AEE6DC10004D9BC /* SystemConfiguration.framework */ = {isa = PBXFileReference; lastKnownFileType = wrapper.framework; name = SystemConfiguration.framework; path = System/Library/Frameworks/SystemConfiguration.framework; sourceTree = SDKROOT; };
		C65461181AEE6E4C0004D9BC /* iOSTreasureMap-Bridging-Header.h */ = {isa = PBXFileReference; lastKnownFileType = sourcecode.c.h; path = "iOSTreasureMap-Bridging-Header.h"; sourceTree = "<group>"; };
		C665B5251B5D0C0600D8A6D8 /* SearchLocations.storyboard */ = {isa = PBXFileReference; fileEncoding = 4; lastKnownFileType = file.storyboard; path = SearchLocations.storyboard; sourceTree = "<group>"; };
		C665B5271B5D0EF600D8A6D8 /* SearchViewController.swift */ = {isa = PBXFileReference; fileEncoding = 4; lastKnownFileType = sourcecode.swift; path = SearchViewController.swift; sourceTree = "<group>"; };
		C69266211B58251C006F87F8 /* 192.png */ = {isa = PBXFileReference; lastKnownFileType = image.png; path = 192.png; sourceTree = "<group>"; };
		C69266231B582A95006F87F8 /* quadrat.jpg */ = {isa = PBXFileReference; lastKnownFileType = image.jpeg; path = quadrat.jpg; sourceTree = "<group>"; };
		C69266251B582C53006F87F8 /* schmal.jpg */ = {isa = PBXFileReference; lastKnownFileType = image.jpeg; path = schmal.jpg; sourceTree = "<group>"; };
		C6A87CE31B0110390005FB9C /* MenuViewController.swift */ = {isa = PBXFileReference; fileEncoding = 4; lastKnownFileType = sourcecode.swift; name = MenuViewController.swift; path = ../MenuViewController.swift; sourceTree = "<group>"; };
		C6A87CE51B0110C70005FB9C /* ContentViewController.swift */ = {isa = PBXFileReference; fileEncoding = 4; lastKnownFileType = sourcecode.swift; path = ContentViewController.swift; sourceTree = "<group>"; };
		C6ADF7C11B6B544D00C7CE2F /* KeychainService.swift */ = {isa = PBXFileReference; fileEncoding = 4; lastKnownFileType = sourcecode.swift; path = KeychainService.swift; sourceTree = "<group>"; };
		C6ADF7C31B6B552700C7CE2F /* KeychainAccess.swift */ = {isa = PBXFileReference; fileEncoding = 4; lastKnownFileType = sourcecode.swift; path = KeychainAccess.swift; sourceTree = "<group>"; };
		C6B15E071B3AF47700E969CE /* AWSCore.framework */ = {isa = PBXFileReference; lastKnownFileType = wrapper.framework; path = AWSCore.framework; sourceTree = "<group>"; };
		C6B15E091B3AF48500E969CE /* AWSAutoScaling.framework */ = {isa = PBXFileReference; lastKnownFileType = wrapper.framework; path = AWSAutoScaling.framework; sourceTree = "<group>"; };
		C6B15E0B1B3AF49500E969CE /* AWSCloudWatch.framework */ = {isa = PBXFileReference; lastKnownFileType = wrapper.framework; path = AWSCloudWatch.framework; sourceTree = "<group>"; };
		C6B15E0D1B3AF4A700E969CE /* AWSDynamoDB.framework */ = {isa = PBXFileReference; lastKnownFileType = wrapper.framework; path = AWSDynamoDB.framework; sourceTree = "<group>"; };
		C6B15E0F1B3AF4B400E969CE /* AWSEC2.framework */ = {isa = PBXFileReference; lastKnownFileType = wrapper.framework; path = AWSEC2.framework; sourceTree = "<group>"; };
		C6B15E111B3AF4C500E969CE /* AWSElasticLoadBalancing.framework */ = {isa = PBXFileReference; lastKnownFileType = wrapper.framework; path = AWSElasticLoadBalancing.framework; sourceTree = "<group>"; };
		C6B15E131B3AF4D300E969CE /* AWSKinesis.framework */ = {isa = PBXFileReference; lastKnownFileType = wrapper.framework; path = AWSKinesis.framework; sourceTree = "<group>"; };
		C6B15E151B3AF4E100E969CE /* AWSLambda.framework */ = {isa = PBXFileReference; lastKnownFileType = wrapper.framework; path = AWSLambda.framework; sourceTree = "<group>"; };
		C6B15E171B3AF4F200E969CE /* AWSMachineLearning.framework */ = {isa = PBXFileReference; lastKnownFileType = wrapper.framework; path = AWSMachineLearning.framework; sourceTree = "<group>"; };
		C6B15E191B3AF50200E969CE /* AWSMobileAnalytics.framework */ = {isa = PBXFileReference; lastKnownFileType = wrapper.framework; path = AWSMobileAnalytics.framework; sourceTree = "<group>"; };
		C6B15E1B1B3AF51300E969CE /* AWSS3.framework */ = {isa = PBXFileReference; lastKnownFileType = wrapper.framework; path = AWSS3.framework; sourceTree = "<group>"; };
		C6B15E1D1B3AF52100E969CE /* AWSSES.framework */ = {isa = PBXFileReference; lastKnownFileType = wrapper.framework; path = AWSSES.framework; sourceTree = "<group>"; };
		C6B15E1F1B3AF59700E969CE /* AWSSimpleDB.framework */ = {isa = PBXFileReference; lastKnownFileType = wrapper.framework; path = AWSSimpleDB.framework; sourceTree = "<group>"; };
		C6B15E211B3AF5AE00E969CE /* AWSSNS.framework */ = {isa = PBXFileReference; lastKnownFileType = wrapper.framework; path = AWSSNS.framework; sourceTree = "<group>"; };
		C6B15E231B3AF5D700E969CE /* AWSSQS.framework */ = {isa = PBXFileReference; lastKnownFileType = wrapper.framework; path = AWSSQS.framework; sourceTree = "<group>"; };
		C6B15E251B3AF5E800E969CE /* AWSCognito.framework */ = {isa = PBXFileReference; lastKnownFileType = wrapper.framework; path = AWSCognito.framework; sourceTree = "<group>"; };
		C6B15E271B3AF62100E969CE /* libsqlite3.dylib */ = {isa = PBXFileReference; lastKnownFileType = "compiled.mach-o.dylib"; name = libsqlite3.dylib; path = usr/lib/libsqlite3.dylib; sourceTree = SDKROOT; };
		C6B3B4311B6A4E37008912B3 /* NewLocationStruct.swift */ = {isa = PBXFileReference; fileEncoding = 4; lastKnownFileType = sourcecode.swift; path = NewLocationStruct.swift; sourceTree = "<group>"; };
		C6C6A08C1B5BE57500932BED /* backButton.png */ = {isa = PBXFileReference; lastKnownFileType = image.png; path = backButton.png; sourceTree = "<group>"; };
		C6C6A08E1B5BEA6F00932BED /* 1437333689_menu-alt.png */ = {isa = PBXFileReference; lastKnownFileType = image.png; path = "1437333689_menu-alt.png"; sourceTree = "<group>"; };
		C6C6A0901B5BEE7300932BED /* 1437334656_icon-ios7-arrow-back.png */ = {isa = PBXFileReference; lastKnownFileType = image.png; path = "1437334656_icon-ios7-arrow-back.png"; sourceTree = "<group>"; };
		C6C7B1E71B5FAB3D00183D92 /* Button.png */ = {isa = PBXFileReference; lastKnownFileType = image.png; path = Button.png; sourceTree = "<group>"; };
		C6DC749B1B679E8C0046B2DE /* AddNewLocation.storyboard */ = {isa = PBXFileReference; fileEncoding = 4; lastKnownFileType = file.storyboard; path = AddNewLocation.storyboard; sourceTree = "<group>"; };
		C6DC749C1B679E8C0046B2DE /* NewLocationController.swift */ = {isa = PBXFileReference; fileEncoding = 4; lastKnownFileType = sourcecode.swift; path = NewLocationController.swift; sourceTree = "<group>"; };
		C6DC749F1B67A3EB0046B2DE /* AccommodationPin01.png */ = {isa = PBXFileReference; lastKnownFileType = image.png; path = AccommodationPin01.png; sourceTree = "<group>"; };
		C6DC74A01B67A3EB0046B2DE /* FoodDrinkPin00.png */ = {isa = PBXFileReference; lastKnownFileType = image.png; path = FoodDrinkPin00.png; sourceTree = "<group>"; };
		C6DC74A11B67A3EB0046B2DE /* GeocachingPin00.png */ = {isa = PBXFileReference; lastKnownFileType = image.png; path = GeocachingPin00.png; sourceTree = "<group>"; };
		C6DC74A21B67A3EB0046B2DE /* LeisurePin00.png */ = {isa = PBXFileReference; lastKnownFileType = image.png; path = LeisurePin00.png; sourceTree = "<group>"; };
		C6DC74A31B67A3EB0046B2DE /* LeisurePin01.png */ = {isa = PBXFileReference; lastKnownFileType = image.png; path = LeisurePin01.png; sourceTree = "<group>"; };
		C6DC74A41B67A3EB0046B2DE /* ShoppingPin00.png */ = {isa = PBXFileReference; lastKnownFileType = image.png; path = ShoppingPin00.png; sourceTree = "<group>"; };
		C6DC74A51B67A3EB0046B2DE /* SightsAndCulturePin00.png */ = {isa = PBXFileReference; lastKnownFileType = image.png; path = SightsAndCulturePin00.png; sourceTree = "<group>"; };
		C6DD0ABC1B287A6F002B434E /* ImageViewController.swift */ = {isa = PBXFileReference; fileEncoding = 4; lastKnownFileType = sourcecode.swift; path = ImageViewController.swift; sourceTree = "<group>"; };
		C6E5E7371B1EFB6C00F3D368 /* Reachability.swift */ = {isa = PBXFileReference; fileEncoding = 4; lastKnownFileType = sourcecode.swift; path = Reachability.swift; sourceTree = "<group>"; };
/* End PBXFileReference section */

/* Begin PBXFrameworksBuildPhase section */
		C65460D31AEE6AE00004D9BC /* Frameworks */ = {
			isa = PBXFrameworksBuildPhase;
			buildActionMask = 2147483647;
			files = (
				C65461171AEE6DC10004D9BC /* SystemConfiguration.framework in Frameworks */,
				C6B15E281B3AF62100E969CE /* libsqlite3.dylib in Frameworks */,
				C6B15E0E1B3AF4A700E969CE /* AWSDynamoDB.framework in Frameworks */,
				C6B15E081B3AF47700E969CE /* AWSCore.framework in Frameworks */,
				C6B15E121B3AF4C500E969CE /* AWSElasticLoadBalancing.framework in Frameworks */,
				C65461151AEE6DB70004D9BC /* QuartzCore.framework in Frameworks */,
				C65461131AEE6DAE0004D9BC /* OpenGLES.framework in Frameworks */,
				C6B15E241B3AF5D700E969CE /* AWSSQS.framework in Frameworks */,
				C6B15E1A1B3AF50200E969CE /* AWSMobileAnalytics.framework in Frameworks */,
				C6B15E181B3AF4F200E969CE /* AWSMachineLearning.framework in Frameworks */,
				C65461111AEE6DA50004D9BC /* libz.dylib in Frameworks */,
				C654610F1AEE6D9B0004D9BC /* libicucore.dylib in Frameworks */,
				C6B15E221B3AF5AE00E969CE /* AWSSNS.framework in Frameworks */,
				C654610D1AEE6D900004D9BC /* libc++.dylib in Frameworks */,
				C654610B1AEE6D830004D9BC /* ImageIO.framework in Frameworks */,
				C65461091AEE6D790004D9BC /* GLKit.framework in Frameworks */,
				C6B15E0A1B3AF48500E969CE /* AWSAutoScaling.framework in Frameworks */,
				C6B15E161B3AF4E100E969CE /* AWSLambda.framework in Frameworks */,
				C65461071AEE6D6F0004D9BC /* CoreText.framework in Frameworks */,
				C6B15E141B3AF4D400E969CE /* AWSKinesis.framework in Frameworks */,
				C6B15E1E1B3AF52100E969CE /* AWSSES.framework in Frameworks */,
				C65461051AEE6D660004D9BC /* CoreLocation.framework in Frameworks */,
				C6B15E0C1B3AF49500E969CE /* AWSCloudWatch.framework in Frameworks */,
				C65461031AEE6D5E0004D9BC /* CoreData.framework in Frameworks */,
				C6B15E1C1B3AF51300E969CE /* AWSS3.framework in Frameworks */,
				C65461011AEE6D540004D9BC /* AVFoundation.framework in Frameworks */,
				C65460FC1AEE6B790004D9BC /* GoogleMaps.framework in Frameworks */,
				C6B15E201B3AF59700E969CE /* AWSSimpleDB.framework in Frameworks */,
				C6B15E261B3AF5E800E969CE /* AWSCognito.framework in Frameworks */,
				C6B15E101B3AF4B400E969CE /* AWSEC2.framework in Frameworks */,
			);
			runOnlyForDeploymentPostprocessing = 0;
		};
		C65460E81AEE6AE20004D9BC /* Frameworks */ = {
			isa = PBXFrameworksBuildPhase;
			buildActionMask = 2147483647;
			files = (
			);
			runOnlyForDeploymentPostprocessing = 0;
		};
/* End PBXFrameworksBuildPhase section */

/* Begin PBXGroup section */
		C65460CD1AEE6AE00004D9BC = {
			isa = PBXGroup;
			children = (
				C6B3B4311B6A4E37008912B3 /* NewLocationStruct.swift */,
				C65460D81AEE6AE10004D9BC /* iOSTreasureMap */,
				C65460EE1AEE6AE20004D9BC /* iOSTreasureMapTests */,
				C65460D71AEE6AE10004D9BC /* Products */,
				C65460FF1AEE6D0F0004D9BC /* Frameworks */,
				C65461181AEE6E4C0004D9BC /* iOSTreasureMap-Bridging-Header.h */,
			);
			sourceTree = "<group>";
		};
		C65460D71AEE6AE10004D9BC /* Products */ = {
			isa = PBXGroup;
			children = (
				C65460D61AEE6AE10004D9BC /* iOSTreasureMap.app */,
				C65460EB1AEE6AE20004D9BC /* iOSTreasureMapTests.xctest */,
			);
			name = Products;
			sourceTree = "<group>";
		};
		C65460D81AEE6AE10004D9BC /* iOSTreasureMap */ = {
			isa = PBXGroup;
			children = (
				C6A87CE31B0110390005FB9C /* MenuViewController.swift */,
				C66B2B511B022B6E00DE2F70 /* Library */,
				C65460DB1AEE6AE10004D9BC /* AppDelegate.swift */,
				C65460DD1AEE6AE10004D9BC /* MapViewController.swift */,
				C6E5E7371B1EFB6C00F3D368 /* Reachability.swift */,
				C620FDCD1AF9580700CABF6D /* LocationController.swift */,
				C620FDCB1AF8FA8A00CABF6D /* Location.swift */,
				C6DC749B1B679E8C0046B2DE /* AddNewLocation.storyboard */,
				C6DC749C1B679E8C0046B2DE /* NewLocationController.swift */,
				C62908B81B692D5E00BE06B2 /* Login.storyboard */,
				C65460DF1AEE6AE10004D9BC /* Main.storyboard */,
				C665B5251B5D0C0600D8A6D8 /* SearchLocations.storyboard */,
				C665B5271B5D0EF600D8A6D8 /* SearchViewController.swift */,
				C63927861B207D3D00E466C9 /* DetailView.storyboard */,
				C62908BA1B692F7D00BE06B2 /* SignUpViewController.swift */,
				C6291DBF1B5418AB00707F90 /* Login.swift */,
				C6291DC01B5418AB00707F90 /* LoginViewController.swift */,
				C6DD0ABC1B287A6F002B434E /* ImageViewController.swift */,
				1B81ACE91B15FE00006C5C96 /* DetailViewController.swift */,
				C61ED2321B02414500D9839B /* NavigationController.swift */,
				C6A87CE51B0110C70005FB9C /* ContentViewController.swift */,
				C6ADF7C31B6B552700C7CE2F /* KeychainAccess.swift */,
				C6ADF7C11B6B544D00C7CE2F /* KeychainService.swift */,
				C62908B61B692D3700BE06B2 /* Info.plist */,
				C65460E21AEE6AE10004D9BC /* Images.xcassets */,
				C65460E41AEE6AE10004D9BC /* LaunchScreen.xib */,
				C65460D91AEE6AE10004D9BC /* Supporting Files */,
			);
			path = iOSTreasureMap;
			sourceTree = "<group>";
		};
		C65460D91AEE6AE10004D9BC /* Supporting Files */ = {
			isa = PBXGroup;
			children = (
				C6DC749F1B67A3EB0046B2DE /* AccommodationPin01.png */,
				C6DC74A01B67A3EB0046B2DE /* FoodDrinkPin00.png */,
				C6DC74A11B67A3EB0046B2DE /* GeocachingPin00.png */,
				C6DC74A21B67A3EB0046B2DE /* LeisurePin00.png */,
				C6DC74A31B67A3EB0046B2DE /* LeisurePin01.png */,
				C6DC74A41B67A3EB0046B2DE /* ShoppingPin00.png */,
				C6DC74A51B67A3EB0046B2DE /* SightsAndCulturePin00.png */,
				C6C7B1E71B5FAB3D00183D92 /* Button.png */,
				C6C6A0901B5BEE7300932BED /* 1437334656_icon-ios7-arrow-back.png */,
				C6C6A08E1B5BEA6F00932BED /* 1437333689_menu-alt.png */,
				C6C6A08C1B5BE57500932BED /* backButton.png */,
				C69266251B582C53006F87F8 /* schmal.jpg */,
				C69266231B582A95006F87F8 /* quadrat.jpg */,
				C69266211B58251C006F87F8 /* 192.png */,
				1B30E9691B1605D500E6875B /* burgerMenu.png */,
			);
			name = "Supporting Files";
			sourceTree = "<group>";
		};
		C65460EE1AEE6AE20004D9BC /* iOSTreasureMapTests */ = {
			isa = PBXGroup;
			children = (
				C65460F11AEE6AE20004D9BC /* iOSTreasureMapTests.swift */,
				C65460EF1AEE6AE20004D9BC /* Supporting Files */,
			);
			path = iOSTreasureMapTests;
			sourceTree = "<group>";
		};
		C65460EF1AEE6AE20004D9BC /* Supporting Files */ = {
			isa = PBXGroup;
			children = (
				C65460F01AEE6AE20004D9BC /* Info.plist */,
			);
			name = "Supporting Files";
			sourceTree = "<group>";
		};
		C65460FF1AEE6D0F0004D9BC /* Frameworks */ = {
			isa = PBXGroup;
			children = (
				C62908B41B692D0B00BE06B2 /* AESCrypt */,
				C6B15E271B3AF62100E969CE /* libsqlite3.dylib */,
				C6B15E251B3AF5E800E969CE /* AWSCognito.framework */,
				C6B15E231B3AF5D700E969CE /* AWSSQS.framework */,
				C6B15E211B3AF5AE00E969CE /* AWSSNS.framework */,
				C6B15E1F1B3AF59700E969CE /* AWSSimpleDB.framework */,
				C6B15E1D1B3AF52100E969CE /* AWSSES.framework */,
				C6B15E1B1B3AF51300E969CE /* AWSS3.framework */,
				C6B15E191B3AF50200E969CE /* AWSMobileAnalytics.framework */,
				C6B15E171B3AF4F200E969CE /* AWSMachineLearning.framework */,
				C6B15E151B3AF4E100E969CE /* AWSLambda.framework */,
				C6B15E131B3AF4D300E969CE /* AWSKinesis.framework */,
				C6B15E111B3AF4C500E969CE /* AWSElasticLoadBalancing.framework */,
				C6B15E0F1B3AF4B400E969CE /* AWSEC2.framework */,
				C6B15E0D1B3AF4A700E969CE /* AWSDynamoDB.framework */,
				C6B15E0B1B3AF49500E969CE /* AWSCloudWatch.framework */,
				C6B15E091B3AF48500E969CE /* AWSAutoScaling.framework */,
				C6B15E071B3AF47700E969CE /* AWSCore.framework */,
				C65461161AEE6DC10004D9BC /* SystemConfiguration.framework */,
				C65461141AEE6DB70004D9BC /* QuartzCore.framework */,
				C65461121AEE6DAE0004D9BC /* OpenGLES.framework */,
				C65461101AEE6DA50004D9BC /* libz.dylib */,
				C654610E1AEE6D9B0004D9BC /* libicucore.dylib */,
				C654610C1AEE6D900004D9BC /* libc++.dylib */,
				C654610A1AEE6D830004D9BC /* ImageIO.framework */,
				C65461081AEE6D790004D9BC /* GLKit.framework */,
				C65461061AEE6D6F0004D9BC /* CoreText.framework */,
				C65461041AEE6D660004D9BC /* CoreLocation.framework */,
				C65461021AEE6D5E0004D9BC /* CoreData.framework */,
				C65461001AEE6D540004D9BC /* AVFoundation.framework */,
				C65460FD1AEE6D060004D9BC /* GoogleMaps.bundle */,
				C65460FB1AEE6B790004D9BC /* GoogleMaps.framework */,
			);
			name = Frameworks;
			sourceTree = "<group>";
		};
		C66B2B511B022B6E00DE2F70 /* Library */ = {
			isa = PBXGroup;
			children = (
				C64CF0E91B02275700081A53 /* ENSwiftSideMenu.swift */,
				C64CF0EB1B0227B800081A53 /* ENSideMenuNavigationController.swift */,
			);
			name = Library;
			sourceTree = "<group>";
		};
/* End PBXGroup section */

/* Begin PBXNativeTarget section */
		C65460D51AEE6AE00004D9BC /* iOSTreasureMap */ = {
			isa = PBXNativeTarget;
			buildConfigurationList = C65460F51AEE6AE20004D9BC /* Build configuration list for PBXNativeTarget "iOSTreasureMap" */;
			buildPhases = (
				621E08BCD215D6D0E38B4579 /* Check Pods Manifest.lock */,
				C65460D21AEE6AE00004D9BC /* Sources */,
				C65460D31AEE6AE00004D9BC /* Frameworks */,
				C65460D41AEE6AE00004D9BC /* Resources */,
				3987A062F7E447F63CF5BA28 /* Copy Pods Resources */,
			);
			buildRules = (
			);
			dependencies = (
			);
			name = iOSTreasureMap;
			productName = iOSTreasureMap;
			productReference = C65460D61AEE6AE10004D9BC /* iOSTreasureMap.app */;
			productType = "com.apple.product-type.application";
		};
		C65460EA1AEE6AE20004D9BC /* iOSTreasureMapTests */ = {
			isa = PBXNativeTarget;
			buildConfigurationList = C65460F81AEE6AE20004D9BC /* Build configuration list for PBXNativeTarget "iOSTreasureMapTests" */;
			buildPhases = (
				C65460E71AEE6AE20004D9BC /* Sources */,
				C65460E81AEE6AE20004D9BC /* Frameworks */,
				C65460E91AEE6AE20004D9BC /* Resources */,
			);
			buildRules = (
			);
			dependencies = (
				C65460ED1AEE6AE20004D9BC /* PBXTargetDependency */,
			);
			name = iOSTreasureMapTests;
			productName = iOSTreasureMapTests;
			productReference = C65460EB1AEE6AE20004D9BC /* iOSTreasureMapTests.xctest */;
			productType = "com.apple.product-type.bundle.unit-test";
		};
/* End PBXNativeTarget section */

/* Begin PBXProject section */
		C65460CE1AEE6AE00004D9BC /* Project object */ = {
			isa = PBXProject;
			attributes = {
				LastUpgradeCheck = 0600;
				ORGANIZATIONNAME = TreasureMap;
				TargetAttributes = {
					C65460D51AEE6AE00004D9BC = {
						CreatedOnToolsVersion = 6.0.1;
						DevelopmentTeam = JNJSGPM6GJ;
					};
					C65460EA1AEE6AE20004D9BC = {
						CreatedOnToolsVersion = 6.0.1;
						TestTargetID = C65460D51AEE6AE00004D9BC;
					};
				};
			};
			buildConfigurationList = C65460D11AEE6AE00004D9BC /* Build configuration list for PBXProject "iOSTreasureMap" */;
			compatibilityVersion = "Xcode 3.2";
			developmentRegion = English;
			hasScannedForEncodings = 0;
			knownRegions = (
				en,
				Base,
			);
			mainGroup = C65460CD1AEE6AE00004D9BC;
			productRefGroup = C65460D71AEE6AE10004D9BC /* Products */;
			projectDirPath = "";
			projectRoot = "";
			targets = (
				C65460D51AEE6AE00004D9BC /* iOSTreasureMap */,
				C65460EA1AEE6AE20004D9BC /* iOSTreasureMapTests */,
			);
		};
/* End PBXProject section */

/* Begin PBXResourcesBuildPhase section */
		C65460D41AEE6AE00004D9BC /* Resources */ = {
			isa = PBXResourcesBuildPhase;
			buildActionMask = 2147483647;
			files = (
				C65460E11AEE6AE10004D9BC /* Main.storyboard in Resources */,
				C6DC74AB1B67A3EB0046B2DE /* ShoppingPin00.png in Resources */,
				C65460E61AEE6AE10004D9BC /* LaunchScreen.xib in Resources */,
				C6C6A08D1B5BE57500932BED /* backButton.png in Resources */,
				C665B5261B5D0C0600D8A6D8 /* SearchLocations.storyboard in Resources */,
				C6DC74AA1B67A3EB0046B2DE /* LeisurePin01.png in Resources */,
				C62908B51B692D0B00BE06B2 /* AESCrypt in Resources */,
				C6C6A0911B5BEE7300932BED /* 1437334656_icon-ios7-arrow-back.png in Resources */,
				C62908B91B692D5E00BE06B2 /* Login.storyboard in Resources */,
				C62908B71B692D3800BE06B2 /* Info.plist in Resources */,
				C6C7B1E81B5FAB3D00183D92 /* Button.png in Resources */,
				C6DC74AC1B67A3EB0046B2DE /* SightsAndCulturePin00.png in Resources */,
				C63927871B207D3D00E466C9 /* DetailView.storyboard in Resources */,
				C65460E31AEE6AE10004D9BC /* Images.xcassets in Resources */,
				C6DC749D1B679E8C0046B2DE /* AddNewLocation.storyboard in Resources */,
				C69266241B582A96006F87F8 /* quadrat.jpg in Resources */,
				1B30E96A1B1605D500E6875B /* burgerMenu.png in Resources */,
				C6DC74A91B67A3EB0046B2DE /* LeisurePin00.png in Resources */,
				C69266261B582C53006F87F8 /* schmal.jpg in Resources */,
				C69266221B58251C006F87F8 /* 192.png in Resources */,
				C6DC74A71B67A3EB0046B2DE /* FoodDrinkPin00.png in Resources */,
				C65460FE1AEE6D060004D9BC /* GoogleMaps.bundle in Resources */,
				C6C6A08F1B5BEA6F00932BED /* 1437333689_menu-alt.png in Resources */,
				C6DC74A61B67A3EB0046B2DE /* AccommodationPin01.png in Resources */,
				C6DC74A81B67A3EB0046B2DE /* GeocachingPin00.png in Resources */,
			);
			runOnlyForDeploymentPostprocessing = 0;
		};
		C65460E91AEE6AE20004D9BC /* Resources */ = {
			isa = PBXResourcesBuildPhase;
			buildActionMask = 2147483647;
			files = (
			);
			runOnlyForDeploymentPostprocessing = 0;
		};
/* End PBXResourcesBuildPhase section */

/* Begin PBXShellScriptBuildPhase section */
		3987A062F7E447F63CF5BA28 /* Copy Pods Resources */ = {
			isa = PBXShellScriptBuildPhase;
			buildActionMask = 2147483647;
			files = (
			);
			inputPaths = (
			);
			name = "Copy Pods Resources";
			outputPaths = (
			);
			runOnlyForDeploymentPostprocessing = 0;
			shellPath = /bin/sh;
			shellScript = "";
			showEnvVarsInLog = 0;
		};
		621E08BCD215D6D0E38B4579 /* Check Pods Manifest.lock */ = {
			isa = PBXShellScriptBuildPhase;
			buildActionMask = 2147483647;
			files = (
			);
			inputPaths = (
			);
			name = "Check Pods Manifest.lock";
			outputPaths = (
			);
			runOnlyForDeploymentPostprocessing = 0;
			shellPath = /bin/sh;
			shellScript = "";
			showEnvVarsInLog = 0;
		};
/* End PBXShellScriptBuildPhase section */

/* Begin PBXSourcesBuildPhase section */
		C65460D21AEE6AE00004D9BC /* Sources */ = {
			isa = PBXSourcesBuildPhase;
			buildActionMask = 2147483647;
			files = (
				C665B5281B5D0EF600D8A6D8 /* SearchViewController.swift in Sources */,
				C6291DC21B5418AB00707F90 /* LoginViewController.swift in Sources */,
				C64CF0EC1B0227B800081A53 /* ENSideMenuNavigationController.swift in Sources */,
				C65460DE1AEE6AE10004D9BC /* MapViewController.swift in Sources */,
				C6291DC11B5418AB00707F90 /* Login.swift in Sources */,
				C6A87CE41B0110390005FB9C /* MenuViewController.swift in Sources */,
				C62908BB1B692F7D00BE06B2 /* SignUpViewController.swift in Sources */,
				C620FDCC1AF8FA8A00CABF6D /* Location.swift in Sources */,
				C61ED2331B02414500D9839B /* NavigationController.swift in Sources */,
				C620FDCE1AF9580700CABF6D /* LocationController.swift in Sources */,
				C64CF0EA1B02275700081A53 /* ENSwiftSideMenu.swift in Sources */,
				C6E5E7381B1EFB6C00F3D368 /* Reachability.swift in Sources */,
				1B81ACEA1B15FE00006C5C96 /* DetailViewController.swift in Sources */,
				C6ADF7C41B6B552700C7CE2F /* KeychainAccess.swift in Sources */,
				C6A87CE61B0110C70005FB9C /* ContentViewController.swift in Sources */,
				C6ADF7C21B6B544D00C7CE2F /* KeychainService.swift in Sources */,
				C6DC749E1B679E8C0046B2DE /* NewLocationController.swift in Sources */,
				C6B3B4321B6A4E38008912B3 /* NewLocationStruct.swift in Sources */,
				C6DD0ABD1B287A6F002B434E /* ImageViewController.swift in Sources */,
				C65460DC1AEE6AE10004D9BC /* AppDelegate.swift in Sources */,
			);
			runOnlyForDeploymentPostprocessing = 0;
		};
		C65460E71AEE6AE20004D9BC /* Sources */ = {
			isa = PBXSourcesBuildPhase;
			buildActionMask = 2147483647;
			files = (
				C65460F21AEE6AE20004D9BC /* iOSTreasureMapTests.swift in Sources */,
			);
			runOnlyForDeploymentPostprocessing = 0;
		};
/* End PBXSourcesBuildPhase section */

/* Begin PBXTargetDependency section */
		C65460ED1AEE6AE20004D9BC /* PBXTargetDependency */ = {
			isa = PBXTargetDependency;
			target = C65460D51AEE6AE00004D9BC /* iOSTreasureMap */;
			targetProxy = C65460EC1AEE6AE20004D9BC /* PBXContainerItemProxy */;
		};
/* End PBXTargetDependency section */

/* Begin PBXVariantGroup section */
		C65460DF1AEE6AE10004D9BC /* Main.storyboard */ = {
			isa = PBXVariantGroup;
			children = (
				C65460E01AEE6AE10004D9BC /* Base */,
			);
			name = Main.storyboard;
			sourceTree = "<group>";
		};
		C65460E41AEE6AE10004D9BC /* LaunchScreen.xib */ = {
			isa = PBXVariantGroup;
			children = (
				C65460E51AEE6AE10004D9BC /* Base */,
			);
			name = LaunchScreen.xib;
			sourceTree = "<group>";
		};
/* End PBXVariantGroup section */

/* Begin XCBuildConfiguration section */
		C65460F31AEE6AE20004D9BC /* Debug */ = {
			isa = XCBuildConfiguration;
			buildSettings = {
				ALWAYS_SEARCH_USER_PATHS = NO;
				CLANG_CXX_LANGUAGE_STANDARD = "gnu++0x";
				CLANG_CXX_LIBRARY = "libc++";
				CLANG_ENABLE_MODULES = YES;
				CLANG_ENABLE_OBJC_ARC = YES;
				CLANG_WARN_BOOL_CONVERSION = YES;
				CLANG_WARN_CONSTANT_CONVERSION = YES;
				CLANG_WARN_DIRECT_OBJC_ISA_USAGE = YES_ERROR;
				CLANG_WARN_EMPTY_BODY = YES;
				CLANG_WARN_ENUM_CONVERSION = YES;
				CLANG_WARN_INT_CONVERSION = YES;
				CLANG_WARN_OBJC_ROOT_CLASS = YES_ERROR;
				CLANG_WARN_UNREACHABLE_CODE = YES;
				CLANG_WARN__DUPLICATE_METHOD_MATCH = YES;
				"CODE_SIGN_IDENTITY[sdk=iphoneos*]" = "iPhone Developer";
				COPY_PHASE_STRIP = NO;
				ENABLE_STRICT_OBJC_MSGSEND = YES;
				GCC_C_LANGUAGE_STANDARD = gnu99;
				GCC_DYNAMIC_NO_PIC = NO;
				GCC_OPTIMIZATION_LEVEL = 0;
				GCC_PREPROCESSOR_DEFINITIONS = (
					"DEBUG=1",
					"$(inherited)",
				);
				GCC_SYMBOLS_PRIVATE_EXTERN = NO;
				GCC_WARN_64_TO_32_BIT_CONVERSION = YES;
				GCC_WARN_ABOUT_RETURN_TYPE = YES_ERROR;
				GCC_WARN_UNDECLARED_SELECTOR = YES;
				GCC_WARN_UNINITIALIZED_AUTOS = YES_AGGRESSIVE;
				GCC_WARN_UNUSED_FUNCTION = YES;
				GCC_WARN_UNUSED_VARIABLE = YES;
				IPHONEOS_DEPLOYMENT_TARGET = 8.0;
				MTL_ENABLE_DEBUG_INFO = YES;
				ONLY_ACTIVE_ARCH = YES;
				OTHER_LDFLAGS = "-ObjC";
				SDKROOT = iphoneos;
				SWIFT_OPTIMIZATION_LEVEL = "-Onone";
			};
			name = Debug;
		};
		C65460F41AEE6AE20004D9BC /* Release */ = {
			isa = XCBuildConfiguration;
			buildSettings = {
				ALWAYS_SEARCH_USER_PATHS = NO;
				CLANG_CXX_LANGUAGE_STANDARD = "gnu++0x";
				CLANG_CXX_LIBRARY = "libc++";
				CLANG_ENABLE_MODULES = YES;
				CLANG_ENABLE_OBJC_ARC = YES;
				CLANG_WARN_BOOL_CONVERSION = YES;
				CLANG_WARN_CONSTANT_CONVERSION = YES;
				CLANG_WARN_DIRECT_OBJC_ISA_USAGE = YES_ERROR;
				CLANG_WARN_EMPTY_BODY = YES;
				CLANG_WARN_ENUM_CONVERSION = YES;
				CLANG_WARN_INT_CONVERSION = YES;
				CLANG_WARN_OBJC_ROOT_CLASS = YES_ERROR;
				CLANG_WARN_UNREACHABLE_CODE = YES;
				CLANG_WARN__DUPLICATE_METHOD_MATCH = YES;
				"CODE_SIGN_IDENTITY[sdk=iphoneos*]" = "iPhone Developer";
				COPY_PHASE_STRIP = YES;
				ENABLE_NS_ASSERTIONS = NO;
				ENABLE_STRICT_OBJC_MSGSEND = YES;
				GCC_C_LANGUAGE_STANDARD = gnu99;
				GCC_WARN_64_TO_32_BIT_CONVERSION = YES;
				GCC_WARN_ABOUT_RETURN_TYPE = YES_ERROR;
				GCC_WARN_UNDECLARED_SELECTOR = YES;
				GCC_WARN_UNINITIALIZED_AUTOS = YES_AGGRESSIVE;
				GCC_WARN_UNUSED_FUNCTION = YES;
				GCC_WARN_UNUSED_VARIABLE = YES;
				IPHONEOS_DEPLOYMENT_TARGET = 8.0;
				MTL_ENABLE_DEBUG_INFO = NO;
				OTHER_LDFLAGS = "-ObjC";
				SDKROOT = iphoneos;
				VALIDATE_PRODUCT = YES;
			};
			name = Release;
		};
		C65460F61AEE6AE20004D9BC /* Debug */ = {
			isa = XCBuildConfiguration;
			buildSettings = {
				ASSETCATALOG_COMPILER_APPICON_NAME = AppIcon;
				CLANG_ENABLE_MODULES = YES;
				CODE_SIGN_IDENTITY = "iPhone Developer";
				"CODE_SIGN_IDENTITY[sdk=iphoneos*]" = "iPhone Developer";
				FRAMEWORK_SEARCH_PATHS = (
					"$(inherited)",
					"$(PROJECT_DIR)",
				);
				INFOPLIST_FILE = iOSTreasureMap/Info.plist;
				LD_RUNPATH_SEARCH_PATHS = "$(inherited) @executable_path/Frameworks";
				LIBRARY_SEARCH_PATHS = "$(inherited)";
				PRODUCT_NAME = "$(TARGET_NAME)";
				PROVISIONING_PROFILE = "";
				SWIFT_OBJC_BRIDGING_HEADER = "iOSTreasureMap-Bridging-Header.h";
				SWIFT_OPTIMIZATION_LEVEL = "-Onone";
				TARGETED_DEVICE_FAMILY = 1;
			};
			name = Debug;
		};
		C65460F71AEE6AE20004D9BC /* Release */ = {
			isa = XCBuildConfiguration;
			buildSettings = {
				ASSETCATALOG_COMPILER_APPICON_NAME = AppIcon;
				CLANG_ENABLE_MODULES = YES;
				CODE_SIGN_IDENTITY = "iPhone Developer";
				"CODE_SIGN_IDENTITY[sdk=iphoneos*]" = "iPhone Developer";
				FRAMEWORK_SEARCH_PATHS = (
					"$(inherited)",
					"$(PROJECT_DIR)",
				);
				INFOPLIST_FILE = iOSTreasureMap/Info.plist;
				LD_RUNPATH_SEARCH_PATHS = "$(inherited) @executable_path/Frameworks";
				LIBRARY_SEARCH_PATHS = "$(inherited)";
				PRODUCT_NAME = "$(TARGET_NAME)";
				PROVISIONING_PROFILE = "";
				SWIFT_OBJC_BRIDGING_HEADER = "iOSTreasureMap-Bridging-Header.h";
				TARGETED_DEVICE_FAMILY = 1;
			};
			name = Release;
		};
		C65460F91AEE6AE20004D9BC /* Debug */ = {
			isa = XCBuildConfiguration;
			buildSettings = {
				BUNDLE_LOADER = "$(TEST_HOST)";
				FRAMEWORK_SEARCH_PATHS = (
					"$(SDKROOT)/Developer/Library/Frameworks",
					"$(inherited)",
				);
				GCC_PREPROCESSOR_DEFINITIONS = (
					"DEBUG=1",
					"$(inherited)",
				);
				INFOPLIST_FILE = iOSTreasureMapTests/Info.plist;
				LD_RUNPATH_SEARCH_PATHS = "$(inherited) @executable_path/Frameworks @loader_path/Frameworks";
				PRODUCT_NAME = "$(TARGET_NAME)";
				TEST_HOST = "";
			};
			name = Debug;
		};
		C65460FA1AEE6AE20004D9BC /* Release */ = {
			isa = XCBuildConfiguration;
			buildSettings = {
				BUNDLE_LOADER = "$(TEST_HOST)";
				FRAMEWORK_SEARCH_PATHS = (
					"$(SDKROOT)/Developer/Library/Frameworks",
					"$(inherited)",
				);
				INFOPLIST_FILE = iOSTreasureMapTests/Info.plist;
				LD_RUNPATH_SEARCH_PATHS = "$(inherited) @executable_path/Frameworks @loader_path/Frameworks";
				PRODUCT_NAME = "$(TARGET_NAME)";
				TEST_HOST = "";
			};
			name = Release;
		};
/* End XCBuildConfiguration section */

/* Begin XCConfigurationList section */
		C65460D11AEE6AE00004D9BC /* Build configuration list for PBXProject "iOSTreasureMap" */ = {
			isa = XCConfigurationList;
			buildConfigurations = (
				C65460F31AEE6AE20004D9BC /* Debug */,
				C65460F41AEE6AE20004D9BC /* Release */,
			);
			defaultConfigurationIsVisible = 0;
			defaultConfigurationName = Release;
		};
		C65460F51AEE6AE20004D9BC /* Build configuration list for PBXNativeTarget "iOSTreasureMap" */ = {
			isa = XCConfigurationList;
			buildConfigurations = (
				C65460F61AEE6AE20004D9BC /* Debug */,
				C65460F71AEE6AE20004D9BC /* Release */,
			);
			defaultConfigurationIsVisible = 0;
			defaultConfigurationName = Release;
		};
		C65460F81AEE6AE20004D9BC /* Build configuration list for PBXNativeTarget "iOSTreasureMapTests" */ = {
			isa = XCConfigurationList;
			buildConfigurations = (
				C65460F91AEE6AE20004D9BC /* Debug */,
				C65460FA1AEE6AE20004D9BC /* Release */,
			);
			defaultConfigurationIsVisible = 0;
			defaultConfigurationName = Release;
		};
/* End XCConfigurationList section */
	};
	rootObject = C65460CE1AEE6AE00004D9BC /* Project object */;
}
